# This file was autogenerated by Stack.
# You should not edit this file by hand.
# For more information, please see the documentation at:
#   https://docs.haskellstack.org/en/stable/lock_files

packages:
- completed:
    hackage: waterfall-cad-0.6.2.1@sha256:5676dcd39ce1b49d2453ce905d4c75665eccbe2a294a795e2ebf92dcd465c363,2425
    pantry-tree:
      sha256: 3d6dce9753e090c8513baf14286047ab65efcaba0dac8ca9c67ab66f01e22863
      size: 2460
  original:
    hackage: waterfall-cad-0.6.2.1
- completed:
    hackage: opencascade-hs-0.6.2.1@sha256:21e3aae11dff52e11d64b7d665ab0778cf60d11d397c4ac8ebdd1fa7381a65fc,16212
    pantry-tree:
      sha256: 5c48cbcfb3070b15fa620ecaae87ef4dcbea9e63983231c41324ed43272917f2
      size: 30114
  original:
    hackage: opencascade-hs-0.6.2.1
snapshots:
- completed:
    sha256: 91dfbdf885fb0110f0e63cdba42e13ff375dc7efc2f69f02d238b31ca3c1064f
    size: 728778
    url: https://raw.githubusercontent.com/commercialhaskell/stackage-snapshots/master/lts/24/39.yaml
  original:
    url: https://raw.githubusercontent.com/commercialhaskell/stackage-snapshots/master/lts/24/39.yaml
